
Microsoft Visual Studio Solution File, Format Version 12.00
# Visual Studio Version 16
VisualStudioVersion = 16.0.32929.386
MinimumVisualStudioVersion = 10.0.40219.1
Project("{FAE04EC0-301F-11D3-BF4B-00C04F79EFBC}") = "Ali Zainal Abidin_Setter and Getter", "Ali Zainal Abidin_Setter and Getter\Ali Zainal Abidin_Setter and Getter.csproj", "{A716ECCB-81CA-478D-A2F1-610901217073}"
EndProject
Global
	GlobalSection(SolutionConfigurationPlatforms) = preSolution
		Debug|Any CPU = Debug|Any CPU
		Release|Any CPU = Release|Any CPU
	EndGlobalSection
	GlobalSection(ProjectConfigurationPlatforms) = postSolution
		{A716ECCB-81CA-478D-A2F1-610901217073}.Debug|Any CPU.ActiveCfg = Debug|Any CPU
		{A716ECCB-81CA-478D-A2F1-610901217073}.Debug|Any CPU.Build.0 = Debug|Any CPU
		{A716ECCB-81CA-478D-A2F1-610901217073}.Release|Any CPU.ActiveCfg = Release|Any CPU
		{A716ECCB-81CA-478D-A2F1-610901217073}.Release|Any CPU.Build.0 = Release|Any CPU
	EndGlobalSection
	GlobalSection(SolutionProperties) = preSolution
		HideSolutionNode = FALSE
	EndGlobalSection
	GlobalSection(ExtensibilityGlobals) = postSolution
		SolutionGuid = {D467AF25-BF1E-4206-A1A0-37F9BF49CF30}
	EndGlobalSection
EndGlobal
